
Microsoft Visual Studio Solution File, Format Version 11.00
# Visual Studio 2010
Project("{FAE04EC0-301F-11D3-BF4B-00C04F79EFBC}") = "2d_horror_running_nightmare", "Assembly-CSharp.csproj", "{CE75CFE2-3858-7518-0BEF-DCA2806F74B8}"
EndProject
Project("{FAE04EC0-301F-11D3-BF4B-00C04F79EFBC}") = "2d_horror_running_nightmare", "Assembly-CSharp-Editor.csproj", "{AE89E5F8-3CC2-BC14-39A8-17344D581D67}"
EndProject
Global
	GlobalSection(SolutionConfigurationPlatforms) = preSolution
		Debug|Any CPU = Debug|Any CPU
		Release|Any CPU = Release|Any CPU
	EndGlobalSection
	GlobalSection(ProjectConfigurationPlatforms) = postSolution
		{CE75CFE2-3858-7518-0BEF-DCA2806F74B8}.Debug|Any CPU.ActiveCfg = Debug|Any CPU
		{CE75CFE2-3858-7518-0BEF-DCA2806F74B8}.Debug|Any CPU.Build.0 = Debug|Any CPU
		{CE75CFE2-3858-7518-0BEF-DCA2806F74B8}.Release|Any CPU.ActiveCfg = Release|Any CPU
		{CE75CFE2-3858-7518-0BEF-DCA2806F74B8}.Release|Any CPU.Build.0 = Release|Any CPU
		{AE89E5F8-3CC2-BC14-39A8-17344D581D67}.Debug|Any CPU.ActiveCfg = Debug|Any CPU
		{AE89E5F8-3CC2-BC14-39A8-17344D581D67}.Debug|Any CPU.Build.0 = Debug|Any CPU
		{AE89E5F8-3CC2-BC14-39A8-17344D581D67}.Release|Any CPU.ActiveCfg = Release|Any CPU
		{AE89E5F8-3CC2-BC14-39A8-17344D581D67}.Release|Any CPU.Build.0 = Release|Any CPU
	EndGlobalSection
	GlobalSection(SolutionProperties) = preSolution
		HideSolutionNode = FALSE
	EndGlobalSection
	GlobalSection(MonoDevelopProperties) = preSolution
		StartupItem = Assembly-CSharp.csproj
	EndGlobalSection
EndGlobal
